<?xml version="1.0" encoding="utf-8"?>
<Project ToolsVersion="4.0" xmlns="http://schemas.microsoft.com/developer/msbuild/2003">
  <ItemGroup>
    <Filter Include="Исходные файлы">
      <UniqueIdentifier>{4FC737F1-C7A5-4376-A066-2A32D752A2FF}</UniqueIdentifier>
      <Extensions>cpp;c;cc;cxx;c++;cppm;ixx;def;odl;idl;hpj;bat;asm;asmx</Extensions>
    </Filter>
    <Filter Include="Файлы заголовков">
      <UniqueIdentifier>{93995380-89BD-4b04-88EB-625FBE52EBFB}</UniqueIdentifier>
      <Extensions>h;hh;hpp;hxx;h++;hm;inl;inc;ipp;xsd</Extensions>
    </Filter>
    <Filter Include="Файлы ресурсов">
      <UniqueIdentifier>{67DA6AB6-F800-4c08-8B7A-83BB121AAD01}</UniqueIdentifier>
      <Extensions>rc;ico;cur;bmp;dlg;rc2;rct;bin;rgs;gif;jpg;jpeg;jpe;resx;tiff;tif;png;wav;mfcribbon-ms</Extensions>
    </Filter>
  </ItemGroup>
  <ItemGroup>
    <ClCompile Include="souce\main.cpp">
      <Filter>Исходные файлы</Filter>
    </ClCompile>
    <ClCompile Include="souce\sofa\src\a2af.c">
      <Filter>Исходные файлы</Filter>
    </ClCompile>
    <ClCompile Include="souce\sofa\src\a2tf.c">
      <Filter>Исходные файлы</Filter>
    </ClCompile>
    <ClCompile Include="souce\sofa\src\ab.c">
      <Filter>Исходные файлы</Filter>
    </ClCompile>
    <ClCompile Include="souce\sofa\src\ae2hd.c">
      <Filter>Исходные файлы</Filter>
    </ClCompile>
    <ClCompile Include="souce\sofa\src\af2a.c">
      <Filter>Исходные файлы</Filter>
    </ClCompile>
    <ClCompile Include="souce\sofa\src\anp.c">
      <Filter>Исходные файлы</Filter>
    </ClCompile>
    <ClCompile Include="souce\sofa\src\anpm.c">
      <Filter>Исходные файлы</Filter>
    </ClCompile>
    <ClCompile Include="souce\sofa\src\apcg.c">
      <Filter>Исходные файлы</Filter>
    </ClCompile>
    <ClCompile Include="souce\sofa\src\apcg13.c">
      <Filter>Исходные файлы</Filter>
    </ClCompile>
    <ClCompile Include="souce\sofa\src\apci.c">
      <Filter>Исходные файлы</Filter>
    </ClCompile>
    <ClCompile Include="souce\sofa\src\apci13.c">
      <Filter>Исходные файлы</Filter>
    </ClCompile>
    <ClCompile Include="souce\sofa\src\apco.c">
      <Filter>Исходные файлы</Filter>
    </ClCompile>
    <ClCompile Include="souce\sofa\src\apco13.c">
      <Filter>Исходные файлы</Filter>
    </ClCompile>
    <ClCompile Include="souce\sofa\src\apcs.c">
      <Filter>Исходные файлы</Filter>
    </ClCompile>
    <ClCompile Include="souce\sofa\src\apcs13.c">
      <Filter>Исходные файлы</Filter>
    </ClCompile>
    <ClCompile Include="souce\sofa\src\aper.c">
      <Filter>Исходные файлы</Filter>
    </ClCompile>
    <ClCompile Include="souce\sofa\src\aper13.c">
      <Filter>Исходные файлы</Filter>
    </ClCompile>
    <ClCompile Include="souce\sofa\src\apio.c">
      <Filter>Исходные файлы</Filter>
    </ClCompile>
    <ClCompile Include="souce\sofa\src\apio13.c">
      <Filter>Исходные файлы</Filter>
    </ClCompile>
    <ClCompile Include="souce\sofa\src\atcc13.c">
      <Filter>Исходные файлы</Filter>
    </ClCompile>
    <ClCompile Include="souce\sofa\src\atccq.c">
      <Filter>Исходные файлы</Filter>
    </ClCompile>
    <ClCompile Include="souce\sofa\src\atci13.c">
      <Filter>Исходные файлы</Filter>
    </ClCompile>
    <ClCompile Include="souce\sofa\src\atciq.c">
      <Filter>Исходные файлы</Filter>
    </ClCompile>
    <ClCompile Include="souce\sofa\src\atciqn.c">
      <Filter>Исходные файлы</Filter>
    </ClCompile>
    <ClCompile Include="souce\sofa\src\atciqz.c">
      <Filter>Исходные файлы</Filter>
    </ClCompile>
    <ClCompile Include="souce\sofa\src\atco13.c">
      <Filter>Исходные файлы</Filter>
    </ClCompile>
    <ClCompile Include="souce\sofa\src\atic13.c">
      <Filter>Исходные файлы</Filter>
    </ClCompile>
    <ClCompile Include="souce\sofa\src\aticq.c">
      <Filter>Исходные файлы</Filter>
    </ClCompile>
    <ClCompile Include="souce\sofa\src\aticqn.c">
      <Filter>Исходные файлы</Filter>
    </ClCompile>
    <ClCompile Include="souce\sofa\src\atio13.c">
      <Filter>Исходные файлы</Filter>
    </ClCompile>
    <ClCompile Include="souce\sofa\src\atioq.c">
      <Filter>Исходные файлы</Filter>
    </ClCompile>
    <ClCompile Include="souce\sofa\src\atoc13.c">
      <Filter>Исходные файлы</Filter>
    </ClCompile>
    <ClCompile Include="souce\sofa\src\atoi13.c">
      <Filter>Исходные файлы</Filter>
    </ClCompile>
    <ClCompile Include="souce\sofa\src\atoiq.c">
      <Filter>Исходные файлы</Filter>
    </ClCompile>
    <ClCompile Include="souce\sofa\src\bi00.c">
      <Filter>Исходные файлы</Filter>
    </ClCompile>
    <ClCompile Include="souce\sofa\src\bp00.c">
      <Filter>Исходные файлы</Filter>
    </ClCompile>
    <ClCompile Include="souce\sofa\src\bp06.c">
      <Filter>Исходные файлы</Filter>
    </ClCompile>
    <ClCompile Include="souce\sofa\src\bpn2xy.c">
      <Filter>Исходные файлы</Filter>
    </ClCompile>
    <ClCompile Include="souce\sofa\src\c2i00a.c">
      <Filter>Исходные файлы</Filter>
    </ClCompile>
    <ClCompile Include="souce\sofa\src\c2i00b.c">
      <Filter>Исходные файлы</Filter>
    </ClCompile>
    <ClCompile Include="souce\sofa\src\c2i06a.c">
      <Filter>Исходные файлы</Filter>
    </ClCompile>
    <ClCompile Include="souce\sofa\src\c2ibpn.c">
      <Filter>Исходные файлы</Filter>
    </ClCompile>
    <ClCompile Include="souce\sofa\src\c2ixy.c">
      <Filter>Исходные файлы</Filter>
    </ClCompile>
    <ClCompile Include="souce\sofa\src\c2ixys.c">
      <Filter>Исходные файлы</Filter>
    </ClCompile>
    <ClCompile Include="souce\sofa\src\c2s.c">
      <Filter>Исходные файлы</Filter>
    </ClCompile>
    <ClCompile Include="souce\sofa\src\c2t00a.c">
      <Filter>Исходные файлы</Filter>
    </ClCompile>
    <ClCompile Include="souce\sofa\src\c2t00b.c">
      <Filter>Исходные файлы</Filter>
    </ClCompile>
    <ClCompile Include="souce\sofa\src\c2t06a.c">
      <Filter>Исходные файлы</Filter>
    </ClCompile>
    <ClCompile Include="souce\sofa\src\c2tcio.c">
      <Filter>Исходные файлы</Filter>
    </ClCompile>
    <ClCompile Include="souce\sofa\src\c2teqx.c">
      <Filter>Исходные файлы</Filter>
    </ClCompile>
    <ClCompile Include="souce\sofa\src\c2tpe.c">
      <Filter>Исходные файлы</Filter>
    </ClCompile>
    <ClCompile Include="souce\sofa\src\c2txy.c">
      <Filter>Исходные файлы</Filter>
    </ClCompile>
    <ClCompile Include="souce\sofa\src\cal2jd.c">
      <Filter>Исходные файлы</Filter>
    </ClCompile>
    <ClCompile Include="souce\sofa\src\cp.c">
      <Filter>Исходные файлы</Filter>
    </ClCompile>
    <ClCompile Include="souce\sofa\src\cpv.c">
      <Filter>Исходные файлы</Filter>
    </ClCompile>
    <ClCompile Include="souce\sofa\src\cr.c">
      <Filter>Исходные файлы</Filter>
    </ClCompile>
    <ClCompile Include="souce\sofa\src\d2dtf.c">
      <Filter>Исходные файлы</Filter>
    </ClCompile>
    <ClCompile Include="souce\sofa\src\d2tf.c">
      <Filter>Исходные файлы</Filter>
    </ClCompile>
    <ClCompile Include="souce\sofa\src\dat.c">
      <Filter>Исходные файлы</Filter>
    </ClCompile>
    <ClCompile Include="souce\sofa\src\dtdb.c">
      <Filter>Исходные файлы</Filter>
    </ClCompile>
    <ClCompile Include="souce\sofa\src\dtf2d.c">
      <Filter>Исходные файлы</Filter>
    </ClCompile>
    <ClCompile Include="souce\sofa\src\eceq06.c">
      <Filter>Исходные файлы</Filter>
    </ClCompile>
    <ClCompile Include="souce\sofa\src\ecm06.c">
      <Filter>Исходные файлы</Filter>
    </ClCompile>
    <ClCompile Include="souce\sofa\src\ee00.c">
      <Filter>Исходные файлы</Filter>
    </ClCompile>
    <ClCompile Include="souce\sofa\src\ee00a.c">
      <Filter>Исходные файлы</Filter>
    </ClCompile>
    <ClCompile Include="souce\sofa\src\ee00b.c">
      <Filter>Исходные файлы</Filter>
    </ClCompile>
    <ClCompile Include="souce\sofa\src\ee06a.c">
      <Filter>Исходные файлы</Filter>
    </ClCompile>
    <ClCompile Include="souce\sofa\src\eect00.c">
      <Filter>Исходные файлы</Filter>
    </ClCompile>
    <ClCompile Include="souce\sofa\src\eform.c">
      <Filter>Исходные файлы</Filter>
    </ClCompile>
    <ClCompile Include="souce\sofa\src\eo06a.c">
      <Filter>Исходные файлы</Filter>
    </ClCompile>
    <ClCompile Include="souce\sofa\src\eors.c">
      <Filter>Исходные файлы</Filter>
    </ClCompile>
    <ClCompile Include="souce\sofa\src\epb.c">
      <Filter>Исходные файлы</Filter>
    </ClCompile>
    <ClCompile Include="souce\sofa\src\epb2jd.c">
      <Filter>Исходные файлы</Filter>
    </ClCompile>
    <ClCompile Include="souce\sofa\src\epj.c">
      <Filter>Исходные файлы</Filter>
    </ClCompile>
    <ClCompile Include="souce\sofa\src\epj2jd.c">
      <Filter>Исходные файлы</Filter>
    </ClCompile>
    <ClCompile Include="souce\sofa\src\epv00.c">
      <Filter>Исходные файлы</Filter>
    </ClCompile>
    <ClCompile Include="souce\sofa\src\eqec06.c">
      <Filter>Исходные файлы</Filter>
    </ClCompile>
    <ClCompile Include="souce\sofa\src\eqeq94.c">
      <Filter>Исходные файлы</Filter>
    </ClCompile>
    <ClCompile Include="souce\sofa\src\era00.c">
      <Filter>Исходные файлы</Filter>
    </ClCompile>
    <ClCompile Include="souce\sofa\src\fad03.c">
      <Filter>Исходные файлы</Filter>
    </ClCompile>
    <ClCompile Include="souce\sofa\src\fae03.c">
      <Filter>Исходные файлы</Filter>
    </ClCompile>
    <ClCompile Include="souce\sofa\src\faf03.c">
      <Filter>Исходные файлы</Filter>
    </ClCompile>
    <ClCompile Include="souce\sofa\src\faju03.c">
      <Filter>Исходные файлы</Filter>
    </ClCompile>
    <ClCompile Include="souce\sofa\src\fal03.c">
      <Filter>Исходные файлы</Filter>
    </ClCompile>
    <ClCompile Include="souce\sofa\src\falp03.c">
      <Filter>Исходные файлы</Filter>
    </ClCompile>
    <ClCompile Include="souce\sofa\src\fama03.c">
      <Filter>Исходные файлы</Filter>
    </ClCompile>
    <ClCompile Include="souce\sofa\src\fame03.c">
      <Filter>Исходные файлы</Filter>
    </ClCompile>
    <ClCompile Include="souce\sofa\src\fane03.c">
      <Filter>Исходные файлы</Filter>
    </ClCompile>
    <ClCompile Include="souce\sofa\src\faom03.c">
      <Filter>Исходные файлы</Filter>
    </ClCompile>
    <ClCompile Include="souce\sofa\src\fapa03.c">
      <Filter>Исходные файлы</Filter>
    </ClCompile>
    <ClCompile Include="souce\sofa\src\fasa03.c">
      <Filter>Исходные файлы</Filter>
    </ClCompile>
    <ClCompile Include="souce\sofa\src\faur03.c">
      <Filter>Исходные файлы</Filter>
    </ClCompile>
    <ClCompile Include="souce\sofa\src\fave03.c">
      <Filter>Исходные файлы</Filter>
    </ClCompile>
    <ClCompile Include="souce\sofa\src\fk5hip.c">
      <Filter>Исходные файлы</Filter>
    </ClCompile>
    <ClCompile Include="souce\sofa\src\fk5hz.c">
      <Filter>Исходные файлы</Filter>
    </ClCompile>
    <ClCompile Include="souce\sofa\src\fk45z.c">
      <Filter>Исходные файлы</Filter>
    </ClCompile>
    <ClCompile Include="souce\sofa\src\fk52h.c">
      <Filter>Исходные файлы</Filter>
    </ClCompile>
    <ClCompile Include="souce\sofa\src\fk54z.c">
      <Filter>Исходные файлы</Filter>
    </ClCompile>
    <ClCompile Include="souce\sofa\src\fk425.c">
      <Filter>Исходные файлы</Filter>
    </ClCompile>
    <ClCompile Include="souce\sofa\src\fk524.c">
      <Filter>Исходные файлы</Filter>
    </ClCompile>
    <ClCompile Include="souce\sofa\src\fw2m.c">
      <Filter>Исходные файлы</Filter>
    </ClCompile>
    <ClCompile Include="souce\sofa\src\fw2xy.c">
      <Filter>Исходные файлы</Filter>
    </ClCompile>
    <ClCompile Include="souce\sofa\src\g2icrs.c">
      <Filter>Исходные файлы</Filter>
    </ClCompile>
    <ClCompile Include="souce\sofa\src\gc2gd.c">
      <Filter>Исходные файлы</Filter>
    </ClCompile>
    <ClCompile Include="souce\sofa\src\gc2gde.c">
      <Filter>Исходные файлы</Filter>
    </ClCompile>
    <ClCompile Include="souce\sofa\src\gd2gc.c">
      <Filter>Исходные файлы</Filter>
    </ClCompile>
    <ClCompile Include="souce\sofa\src\gd2gce.c">
      <Filter>Исходные файлы</Filter>
    </ClCompile>
    <ClCompile Include="souce\sofa\src\gmst00.c">
      <Filter>Исходные файлы</Filter>
    </ClCompile>
    <ClCompile Include="souce\sofa\src\gmst06.c">
      <Filter>Исходные файлы</Filter>
    </ClCompile>
    <ClCompile Include="souce\sofa\src\gmst82.c">
      <Filter>Исходные файлы</Filter>
    </ClCompile>
    <ClCompile Include="souce\sofa\src\gst00a.c">
      <Filter>Исходные файлы</Filter>
    </ClCompile>
    <ClCompile Include="souce\sofa\src\gst00b.c">
      <Filter>Исходные файлы</Filter>
    </ClCompile>
    <ClCompile Include="souce\sofa\src\gst06.c">
      <Filter>Исходные файлы</Filter>
    </ClCompile>
    <ClCompile Include="souce\sofa\src\gst06a.c">
      <Filter>Исходные файлы</Filter>
    </ClCompile>
    <ClCompile Include="souce\sofa\src\gst94.c">
      <Filter>Исходные файлы</Filter>
    </ClCompile>
    <ClCompile Include="souce\sofa\src\h2fk5.c">
      <Filter>Исходные файлы</Filter>
    </ClCompile>
    <ClCompile Include="souce\sofa\src\hd2ae.c">
      <Filter>Исходные файлы</Filter>
    </ClCompile>
    <ClCompile Include="souce\sofa\src\hd2pa.c">
      <Filter>Исходные файлы</Filter>
    </ClCompile>
    <ClCompile Include="souce\sofa\src\hfk5z.c">
      <Filter>Исходные файлы</Filter>
    </ClCompile>
    <ClCompile Include="souce\sofa\src\icrs2g.c">
      <Filter>Исходные файлы</Filter>
    </ClCompile>
    <ClCompile Include="souce\sofa\src\ir.c">
      <Filter>Исходные файлы</Filter>
    </ClCompile>
    <ClCompile Include="souce\sofa\src\jd2cal.c">
      <Filter>Исходные файлы</Filter>
    </ClCompile>
    <ClCompile Include="souce\sofa\src\jdcalf.c">
      <Filter>Исходные файлы</Filter>
    </ClCompile>
    <ClCompile Include="souce\sofa\src\ld.c">
      <Filter>Исходные файлы</Filter>
    </ClCompile>
    <ClCompile Include="souce\sofa\src\ldn.c">
      <Filter>Исходные файлы</Filter>
    </ClCompile>
    <ClCompile Include="souce\sofa\src\ldsun.c">
      <Filter>Исходные файлы</Filter>
    </ClCompile>
    <ClCompile Include="souce\sofa\src\lteceq.c">
      <Filter>Исходные файлы</Filter>
    </ClCompile>
    <ClCompile Include="souce\sofa\src\ltecm.c">
      <Filter>Исходные файлы</Filter>
    </ClCompile>
    <ClCompile Include="souce\sofa\src\lteqec.c">
      <Filter>Исходные файлы</Filter>
    </ClCompile>
    <ClCompile Include="souce\sofa\src\ltp.c">
      <Filter>Исходные файлы</Filter>
    </ClCompile>
    <ClCompile Include="souce\sofa\src\ltpb.c">
      <Filter>Исходные файлы</Filter>
    </ClCompile>
    <ClCompile Include="souce\sofa\src\ltpecl.c">
      <Filter>Исходные файлы</Filter>
    </ClCompile>
    <ClCompile Include="souce\sofa\src\ltpequ.c">
      <Filter>Исходные файлы</Filter>
    </ClCompile>
    <ClCompile Include="souce\sofa\src\moon98.c">
      <Filter>Исходные файлы</Filter>
    </ClCompile>
    <ClCompile Include="souce\sofa\src\num00a.c">
      <Filter>Исходные файлы</Filter>
    </ClCompile>
    <ClCompile Include="souce\sofa\src\num00b.c">
      <Filter>Исходные файлы</Filter>
    </ClCompile>
    <ClCompile Include="souce\sofa\src\num06a.c">
      <Filter>Исходные файлы</Filter>
    </ClCompile>
    <ClCompile Include="souce\sofa\src\numat.c">
      <Filter>Исходные файлы</Filter>
    </ClCompile>
    <ClCompile Include="souce\sofa\src\nut00a.c">
      <Filter>Исходные файлы</Filter>
    </ClCompile>
    <ClCompile Include="souce\sofa\src\nut00b.c">
      <Filter>Исходные файлы</Filter>
    </ClCompile>
    <ClCompile Include="souce\sofa\src\nut06a.c">
      <Filter>Исходные файлы</Filter>
    </ClCompile>
    <ClCompile Include="souce\sofa\src\nut80.c">
      <Filter>Исходные файлы</Filter>
    </ClCompile>
    <ClCompile Include="souce\sofa\src\nutm80.c">
      <Filter>Исходные файлы</Filter>
    </ClCompile>
    <ClCompile Include="souce\sofa\src\obl06.c">
      <Filter>Исходные файлы</Filter>
    </ClCompile>
    <ClCompile Include="souce\sofa\src\obl80.c">
      <Filter>Исходные файлы</Filter>
    </ClCompile>
    <ClCompile Include="souce\sofa\src\p2pv.c">
      <Filter>Исходные файлы</Filter>
    </ClCompile>
    <ClCompile Include="souce\sofa\src\p2s.c">
      <Filter>Исходные файлы</Filter>
    </ClCompile>
    <ClCompile Include="souce\sofa\src\p06e.c">
      <Filter>Исходные файлы</Filter>
    </ClCompile>
    <ClCompile Include="souce\sofa\src\pap.c">
      <Filter>Исходные файлы</Filter>
    </ClCompile>
    <ClCompile Include="souce\sofa\src\pas.c">
      <Filter>Исходные файлы</Filter>
    </ClCompile>
    <ClCompile Include="souce\sofa\src\pb06.c">
      <Filter>Исходные файлы</Filter>
    </ClCompile>
    <ClCompile Include="souce\sofa\src\pdp.c">
      <Filter>Исходные файлы</Filter>
    </ClCompile>
    <ClCompile Include="souce\sofa\src\pfw06.c">
      <Filter>Исходные файлы</Filter>
    </ClCompile>
    <ClCompile Include="souce\sofa\src\plan94.c">
      <Filter>Исходные файлы</Filter>
    </ClCompile>
    <ClCompile Include="souce\sofa\src\pm.c">
      <Filter>Исходные файлы</Filter>
    </ClCompile>
    <ClCompile Include="souce\sofa\src\pmat00.c">
      <Filter>Исходные файлы</Filter>
    </ClCompile>
    <ClCompile Include="souce\sofa\src\pmat06.c">
      <Filter>Исходные файлы</Filter>
    </ClCompile>
    <ClCompile Include="souce\sofa\src\pmat76.c">
      <Filter>Исходные файлы</Filter>
    </ClCompile>
    <ClCompile Include="souce\sofa\src\pmp.c">
      <Filter>Исходные файлы</Filter>
    </ClCompile>
    <ClCompile Include="souce\sofa\src\pmpx.c">
      <Filter>Исходные файлы</Filter>
    </ClCompile>
    <ClCompile Include="souce\sofa\src\pmsafe.c">
      <Filter>Исходные файлы</Filter>
    </ClCompile>
    <ClCompile Include="souce\sofa\src\pn.c">
      <Filter>Исходные файлы</Filter>
    </ClCompile>
    <ClCompile Include="souce\sofa\src\pn00.c">
      <Filter>Исходные файлы</Filter>
    </ClCompile>
    <ClCompile Include="souce\sofa\src\pn00a.c">
      <Filter>Исходные файлы</Filter>
    </ClCompile>
    <ClCompile Include="souce\sofa\src\pn00b.c">
      <Filter>Исходные файлы</Filter>
    </ClCompile>
    <ClCompile Include="souce\sofa\src\pn06.c">
      <Filter>Исходные файлы</Filter>
    </ClCompile>
    <ClCompile Include="souce\sofa\src\pn06a.c">
      <Filter>Исходные файлы</Filter>
    </ClCompile>
    <ClCompile Include="souce\sofa\src\pnm00a.c">
      <Filter>Исходные файлы</Filter>
    </ClCompile>
    <ClCompile Include="souce\sofa\src\pnm00b.c">
      <Filter>Исходные файлы</Filter>
    </ClCompile>
    <ClCompile Include="souce\sofa\src\pnm06a.c">
      <Filter>Исходные файлы</Filter>
    </ClCompile>
    <ClCompile Include="souce\sofa\src\pnm80.c">
      <Filter>Исходные файлы</Filter>
    </ClCompile>
    <ClCompile Include="souce\sofa\src\pom00.c">
      <Filter>Исходные файлы</Filter>
    </ClCompile>
    <ClCompile Include="souce\sofa\src\ppp.c">
      <Filter>Исходные файлы</Filter>
    </ClCompile>
    <ClCompile Include="souce\sofa\src\ppsp.c">
      <Filter>Исходные файлы</Filter>
    </ClCompile>
    <ClCompile Include="souce\sofa\src\pr00.c">
      <Filter>Исходные файлы</Filter>
    </ClCompile>
    <ClCompile Include="souce\sofa\src\prec76.c">
      <Filter>Исходные файлы</Filter>
    </ClCompile>
    <ClCompile Include="souce\sofa\src\pv2p.c">
      <Filter>Исходные файлы</Filter>
    </ClCompile>
    <ClCompile Include="souce\sofa\src\pv2s.c">
      <Filter>Исходные файлы</Filter>
    </ClCompile>
    <ClCompile Include="souce\sofa\src\pvdpv.c">
      <Filter>Исходные файлы</Filter>
    </ClCompile>
    <ClCompile Include="souce\sofa\src\pvm.c">
      <Filter>Исходные файлы</Filter>
    </ClCompile>
    <ClCompile Include="souce\sofa\src\pvmpv.c">
      <Filter>Исходные файлы</Filter>
    </ClCompile>
    <ClCompile Include="souce\sofa\src\pvppv.c">
      <Filter>Исходные файлы</Filter>
    </ClCompile>
    <ClCompile Include="souce\sofa\src\pvstar.c">
      <Filter>Исходные файлы</Filter>
    </ClCompile>
    <ClCompile Include="souce\sofa\src\pvtob.c">
      <Filter>Исходные файлы</Filter>
    </ClCompile>
    <ClCompile Include="souce\sofa\src\pvu.c">
      <Filter>Исходные файлы</Filter>
    </ClCompile>
    <ClCompile Include="souce\sofa\src\pvup.c">
      <Filter>Исходные файлы</Filter>
    </ClCompile>
    <ClCompile Include="souce\sofa\src\pvxpv.c">
      <Filter>Исходные файлы</Filter>
    </ClCompile>
    <ClCompile Include="souce\sofa\src\pxp.c">
      <Filter>Исходные файлы</Filter>
    </ClCompile>
    <ClCompile Include="souce\sofa\src\refco.c">
      <Filter>Исходные файлы</Filter>
    </ClCompile>
    <ClCompile Include="souce\sofa\src\rm2v.c">
      <Filter>Исходные файлы</Filter>
    </ClCompile>
    <ClCompile Include="souce\sofa\src\rv2m.c">
      <Filter>Исходные файлы</Filter>
    </ClCompile>
    <ClCompile Include="souce\sofa\src\rx.c">
      <Filter>Исходные файлы</Filter>
    </ClCompile>
    <ClCompile Include="souce\sofa\src\rxp.c">
      <Filter>Исходные файлы</Filter>
    </ClCompile>
    <ClCompile Include="souce\sofa\src\rxpv.c">
      <Filter>Исходные файлы</Filter>
    </ClCompile>
    <ClCompile Include="souce\sofa\src\rxr.c">
      <Filter>Исходные файлы</Filter>
    </ClCompile>
    <ClCompile Include="souce\sofa\src\ry.c">
      <Filter>Исходные файлы</Filter>
    </ClCompile>
    <ClCompile Include="souce\sofa\src\rz.c">
      <Filter>Исходные файлы</Filter>
    </ClCompile>
    <ClCompile Include="souce\sofa\src\s00.c">
      <Filter>Исходные файлы</Filter>
    </ClCompile>
    <ClCompile Include="souce\sofa\src\s00a.c">
      <Filter>Исходные файлы</Filter>
    </ClCompile>
    <ClCompile Include="souce\sofa\src\s00b.c">
      <Filter>Исходные файлы</Filter>
    </ClCompile>
    <ClCompile Include="souce\sofa\src\s2c.c">
      <Filter>Исходные файлы</Filter>
    </ClCompile>
    <ClCompile Include="souce\sofa\src\s2p.c">
      <Filter>Исходные файлы</Filter>
    </ClCompile>
    <ClCompile Include="souce\sofa\src\s2pv.c">
      <Filter>Исходные файлы</Filter>
    </ClCompile>
    <ClCompile Include="souce\sofa\src\s2xpv.c">
      <Filter>Исходные файлы</Filter>
    </ClCompile>
    <ClCompile Include="souce\sofa\src\s06.c">
      <Filter>Исходные файлы</Filter>
    </ClCompile>
    <ClCompile Include="souce\sofa\src\s06a.c">
      <Filter>Исходные файлы</Filter>
    </ClCompile>
    <ClCompile Include="souce\sofa\src\sepp.c">
      <Filter>Исходные файлы</Filter>
    </ClCompile>
    <ClCompile Include="souce\sofa\src\seps.c">
      <Filter>Исходные файлы</Filter>
    </ClCompile>
    <ClCompile Include="souce\sofa\src\sp00.c">
      <Filter>Исходные файлы</Filter>
    </ClCompile>
    <ClCompile Include="souce\sofa\src\starpm.c">
      <Filter>Исходные файлы</Filter>
    </ClCompile>
    <ClCompile Include="souce\sofa\src\starpv.c">
      <Filter>Исходные файлы</Filter>
    </ClCompile>
    <ClCompile Include="souce\sofa\src\sxp.c">
      <Filter>Исходные файлы</Filter>
    </ClCompile>
    <ClCompile Include="souce\sofa\src\sxpv.c">
      <Filter>Исходные файлы</Filter>
    </ClCompile>
    <ClCompile Include="souce\sofa\src\t_sofa_c.c">
      <Filter>Исходные файлы</Filter>
    </ClCompile>
    <ClCompile Include="souce\sofa\src\taitt.c">
      <Filter>Исходные файлы</Filter>
    </ClCompile>
    <ClCompile Include="souce\sofa\src\taiut1.c">
      <Filter>Исходные файлы</Filter>
    </ClCompile>
    <ClCompile Include="souce\sofa\src\taiutc.c">
      <Filter>Исходные файлы</Filter>
    </ClCompile>
    <ClCompile Include="souce\sofa\src\tcbtdb.c">
      <Filter>Исходные файлы</Filter>
    </ClCompile>
    <ClCompile Include="souce\sofa\src\tcgtt.c">
      <Filter>Исходные файлы</Filter>
    </ClCompile>
    <ClCompile Include="souce\sofa\src\tdbtcb.c">
      <Filter>Исходные файлы</Filter>
    </ClCompile>
    <ClCompile Include="souce\sofa\src\tdbtt.c">
      <Filter>Исходные файлы</Filter>
    </ClCompile>
    <ClCompile Include="souce\sofa\src\tf2a.c">
      <Filter>Исходные файлы</Filter>
    </ClCompile>
    <ClCompile Include="souce\sofa\src\tf2d.c">
      <Filter>Исходные файлы</Filter>
    </ClCompile>
    <ClCompile Include="souce\sofa\src\tpors.c">
      <Filter>Исходные файлы</Filter>
    </ClCompile>
    <ClCompile Include="souce\sofa\src\tporv.c">
      <Filter>Исходные файлы</Filter>
    </ClCompile>
    <ClCompile Include="souce\sofa\src\tpsts.c">
      <Filter>Исходные файлы</Filter>
    </ClCompile>
    <ClCompile Include="souce\sofa\src\tpstv.c">
      <Filter>Исходные файлы</Filter>
    </ClCompile>
    <ClCompile Include="souce\sofa\src\tpxes.c">
      <Filter>Исходные файлы</Filter>
    </ClCompile>
    <ClCompile Include="souce\sofa\src\tpxev.c">
      <Filter>Исходные файлы</Filter>
    </ClCompile>
    <ClCompile Include="souce\sofa\src\tr.c">
      <Filter>Исходные файлы</Filter>
    </ClCompile>
    <ClCompile Include="souce\sofa\src\trxp.c">
      <Filter>Исходные файлы</Filter>
    </ClCompile>
    <ClCompile Include="souce\sofa\src\trxpv.c">
      <Filter>Исходные файлы</Filter>
    </ClCompile>
    <ClCompile Include="souce\sofa\src\tttai.c">
      <Filter>Исходные файлы</Filter>
    </ClCompile>
    <ClCompile Include="souce\sofa\src\tttcg.c">
      <Filter>Исходные файлы</Filter>
    </ClCompile>
    <ClCompile Include="souce\sofa\src\tttdb.c">
      <Filter>Исходные файлы</Filter>
    </ClCompile>
    <ClCompile Include="souce\sofa\src\ttut1.c">
      <Filter>Исходные файлы</Filter>
    </ClCompile>
    <ClCompile Include="souce\sofa\src\ut1tai.c">
      <Filter>Исходные файлы</Filter>
    </ClCompile>
    <ClCompile Include="souce\sofa\src\ut1tt.c">
      <Filter>Исходные файлы</Filter>
    </ClCompile>
    <ClCompile Include="souce\sofa\src\ut1utc.c">
      <Filter>Исходные файлы</Filter>
    </ClCompile>
    <ClCompile Include="souce\sofa\src\utctai.c">
      <Filter>Исходные файлы</Filter>
    </ClCompile>
    <ClCompile Include="souce\sofa\src\utcut1.c">
      <Filter>Исходные файлы</Filter>
    </ClCompile>
    <ClCompile Include="souce\sofa\src\xy06.c">
      <Filter>Исходные файлы</Filter>
    </ClCompile>
    <ClCompile Include="souce\sofa\src\xys00a.c">
      <Filter>Исходные файлы</Filter>
    </ClCompile>
    <ClCompile Include="souce\sofa\src\xys00b.c">
      <Filter>Исходные файлы</Filter>
    </ClCompile>
    <ClCompile Include="souce\sofa\src\xys06a.c">
      <Filter>Исходные файлы</Filter>
    </ClCompile>
    <ClCompile Include="souce\sofa\src\zp.c">
      <Filter>Исходные файлы</Filter>
    </ClCompile>
    <ClCompile Include="souce\sofa\src\zpv.c">
      <Filter>Исходные файлы</Filter>
    </ClCompile>
    <ClCompile Include="souce\sofa\src\zr.c">
      <Filter>Исходные файлы</Filter>
    </ClCompile>
  </ItemGroup>
  <ItemGroup>
    <ClInclude Include="souce\sofa\src\sofa.h">
      <Filter>Файлы заголовков</Filter>
    </ClInclude>
    <ClInclude Include="souce\sofa\src\sofam.h">
      <Filter>Файлы заголовков</Filter>
    </ClInclude>
  </ItemGroup>
  <ItemGroup>
    <None Include="souce\sofa\src\makefile" />
  </ItemGroup>
</Project>