<?xml version="1.0" encoding="utf-8"?>
<Project ToolsVersion="4.0" xmlns="http://schemas.microsoft.com/developer/msbuild/2003">
  <ItemGroup>
    <Filter Include="Исходные файлы">
      <UniqueIdentifier>{4FC737F1-C7A5-4376-A066-2A32D752A2FF}</UniqueIdentifier>
      <Extensions>cpp;c;cc;cxx;c++;cppm;ixx;def;odl;idl;hpj;bat;asm;asmx</Extensions>
    </Filter>
    <Filter Include="Файлы заголовков">
      <UniqueIdentifier>{93995380-89BD-4b04-88EB-625FBE52EBFB}</UniqueIdentifier>
      <Extensions>h;hh;hpp;hxx;h++;hm;inl;inc;ipp;xsd</Extensions>
    </Filter>
    <Filter Include="Файлы ресурсов">
      <UniqueIdentifier>{67DA6AB6-F800-4c08-8B7A-83BB121AAD01}</UniqueIdentifier>
      <Extensions>rc;ico;cur;bmp;dlg;rc2;rct;bin;rgs;gif;jpg;jpeg;jpe;resx;tiff;tif;png;wav;mfcribbon-ms</Extensions>
    </Filter>
  </ItemGroup>
  <ItemGroup>
    <ClCompile Include="source\main.cpp">
      <Filter>Исходные файлы</Filter>
    </ClCompile>
    <ClCompile Include="sofa\src\a2af.c">
      <Filter>Исходные файлы</Filter>
    </ClCompile>
    <ClCompile Include="sofa\src\a2tf.c">
      <Filter>Исходные файлы</Filter>
    </ClCompile>
    <ClCompile Include="sofa\src\ab.c">
      <Filter>Исходные файлы</Filter>
    </ClCompile>
    <ClCompile Include="sofa\src\ae2hd.c">
      <Filter>Исходные файлы</Filter>
    </ClCompile>
    <ClCompile Include="sofa\src\af2a.c">
      <Filter>Исходные файлы</Filter>
    </ClCompile>
    <ClCompile Include="sofa\src\anp.c">
      <Filter>Исходные файлы</Filter>
    </ClCompile>
    <ClCompile Include="sofa\src\anpm.c">
      <Filter>Исходные файлы</Filter>
    </ClCompile>
    <ClCompile Include="sofa\src\apcg.c">
      <Filter>Исходные файлы</Filter>
    </ClCompile>
    <ClCompile Include="sofa\src\apcg13.c">
      <Filter>Исходные файлы</Filter>
    </ClCompile>
    <ClCompile Include="sofa\src\apci.c">
      <Filter>Исходные файлы</Filter>
    </ClCompile>
    <ClCompile Include="sofa\src\apci13.c">
      <Filter>Исходные файлы</Filter>
    </ClCompile>
    <ClCompile Include="sofa\src\apco.c">
      <Filter>Исходные файлы</Filter>
    </ClCompile>
    <ClCompile Include="sofa\src\apco13.c">
      <Filter>Исходные файлы</Filter>
    </ClCompile>
    <ClCompile Include="sofa\src\apcs.c">
      <Filter>Исходные файлы</Filter>
    </ClCompile>
    <ClCompile Include="sofa\src\apcs13.c">
      <Filter>Исходные файлы</Filter>
    </ClCompile>
    <ClCompile Include="sofa\src\aper.c">
      <Filter>Исходные файлы</Filter>
    </ClCompile>
    <ClCompile Include="sofa\src\aper13.c">
      <Filter>Исходные файлы</Filter>
    </ClCompile>
    <ClCompile Include="sofa\src\apio.c">
      <Filter>Исходные файлы</Filter>
    </ClCompile>
    <ClCompile Include="sofa\src\apio13.c">
      <Filter>Исходные файлы</Filter>
    </ClCompile>
    <ClCompile Include="sofa\src\atcc13.c">
      <Filter>Исходные файлы</Filter>
    </ClCompile>
    <ClCompile Include="sofa\src\atccq.c">
      <Filter>Исходные файлы</Filter>
    </ClCompile>
    <ClCompile Include="sofa\src\atci13.c">
      <Filter>Исходные файлы</Filter>
    </ClCompile>
    <ClCompile Include="sofa\src\atciq.c">
      <Filter>Исходные файлы</Filter>
    </ClCompile>
    <ClCompile Include="sofa\src\atciqn.c">
      <Filter>Исходные файлы</Filter>
    </ClCompile>
    <ClCompile Include="sofa\src\atciqz.c">
      <Filter>Исходные файлы</Filter>
    </ClCompile>
    <ClCompile Include="sofa\src\atco13.c">
      <Filter>Исходные файлы</Filter>
    </ClCompile>
    <ClCompile Include="sofa\src\atic13.c">
      <Filter>Исходные файлы</Filter>
    </ClCompile>
    <ClCompile Include="sofa\src\aticq.c">
      <Filter>Исходные файлы</Filter>
    </ClCompile>
    <ClCompile Include="sofa\src\aticqn.c">
      <Filter>Исходные файлы</Filter>
    </ClCompile>
    <ClCompile Include="sofa\src\atio13.c">
      <Filter>Исходные файлы</Filter>
    </ClCompile>
    <ClCompile Include="sofa\src\atioq.c">
      <Filter>Исходные файлы</Filter>
    </ClCompile>
    <ClCompile Include="sofa\src\atoc13.c">
      <Filter>Исходные файлы</Filter>
    </ClCompile>
    <ClCompile Include="sofa\src\atoi13.c">
      <Filter>Исходные файлы</Filter>
    </ClCompile>
    <ClCompile Include="sofa\src\atoiq.c">
      <Filter>Исходные файлы</Filter>
    </ClCompile>
    <ClCompile Include="sofa\src\bi00.c">
      <Filter>Исходные файлы</Filter>
    </ClCompile>
    <ClCompile Include="sofa\src\bp00.c">
      <Filter>Исходные файлы</Filter>
    </ClCompile>
    <ClCompile Include="sofa\src\bp06.c">
      <Filter>Исходные файлы</Filter>
    </ClCompile>
    <ClCompile Include="sofa\src\bpn2xy.c">
      <Filter>Исходные файлы</Filter>
    </ClCompile>
    <ClCompile Include="sofa\src\c2i00a.c">
      <Filter>Исходные файлы</Filter>
    </ClCompile>
    <ClCompile Include="sofa\src\c2i00b.c">
      <Filter>Исходные файлы</Filter>
    </ClCompile>
    <ClCompile Include="sofa\src\c2i06a.c">
      <Filter>Исходные файлы</Filter>
    </ClCompile>
    <ClCompile Include="sofa\src\c2ibpn.c">
      <Filter>Исходные файлы</Filter>
    </ClCompile>
    <ClCompile Include="sofa\src\c2ixy.c">
      <Filter>Исходные файлы</Filter>
    </ClCompile>
    <ClCompile Include="sofa\src\c2ixys.c">
      <Filter>Исходные файлы</Filter>
    </ClCompile>
    <ClCompile Include="sofa\src\c2s.c">
      <Filter>Исходные файлы</Filter>
    </ClCompile>
    <ClCompile Include="sofa\src\c2t00a.c">
      <Filter>Исходные файлы</Filter>
    </ClCompile>
    <ClCompile Include="sofa\src\c2t00b.c">
      <Filter>Исходные файлы</Filter>
    </ClCompile>
    <ClCompile Include="sofa\src\c2t06a.c">
      <Filter>Исходные файлы</Filter>
    </ClCompile>
    <ClCompile Include="sofa\src\c2tcio.c">
      <Filter>Исходные файлы</Filter>
    </ClCompile>
    <ClCompile Include="sofa\src\c2teqx.c">
      <Filter>Исходные файлы</Filter>
    </ClCompile>
    <ClCompile Include="sofa\src\c2tpe.c">
      <Filter>Исходные файлы</Filter>
    </ClCompile>
    <ClCompile Include="sofa\src\c2txy.c">
      <Filter>Исходные файлы</Filter>
    </ClCompile>
    <ClCompile Include="sofa\src\cal2jd.c">
      <Filter>Исходные файлы</Filter>
    </ClCompile>
    <ClCompile Include="sofa\src\cp.c">
      <Filter>Исходные файлы</Filter>
    </ClCompile>
    <ClCompile Include="sofa\src\cpv.c">
      <Filter>Исходные файлы</Filter>
    </ClCompile>
    <ClCompile Include="sofa\src\cr.c">
      <Filter>Исходные файлы</Filter>
    </ClCompile>
    <ClCompile Include="sofa\src\d2dtf.c">
      <Filter>Исходные файлы</Filter>
    </ClCompile>
    <ClCompile Include="sofa\src\d2tf.c">
      <Filter>Исходные файлы</Filter>
    </ClCompile>
    <ClCompile Include="sofa\src\dat.c">
      <Filter>Исходные файлы</Filter>
    </ClCompile>
    <ClCompile Include="sofa\src\dtdb.c">
      <Filter>Исходные файлы</Filter>
    </ClCompile>
    <ClCompile Include="sofa\src\dtf2d.c">
      <Filter>Исходные файлы</Filter>
    </ClCompile>
    <ClCompile Include="sofa\src\eceq06.c">
      <Filter>Исходные файлы</Filter>
    </ClCompile>
    <ClCompile Include="sofa\src\ecm06.c">
      <Filter>Исходные файлы</Filter>
    </ClCompile>
    <ClCompile Include="sofa\src\ee00.c">
      <Filter>Исходные файлы</Filter>
    </ClCompile>
    <ClCompile Include="sofa\src\ee00a.c">
      <Filter>Исходные файлы</Filter>
    </ClCompile>
    <ClCompile Include="sofa\src\ee00b.c">
      <Filter>Исходные файлы</Filter>
    </ClCompile>
    <ClCompile Include="sofa\src\ee06a.c">
      <Filter>Исходные файлы</Filter>
    </ClCompile>
    <ClCompile Include="sofa\src\eect00.c">
      <Filter>Исходные файлы</Filter>
    </ClCompile>
    <ClCompile Include="sofa\src\eform.c">
      <Filter>Исходные файлы</Filter>
    </ClCompile>
    <ClCompile Include="sofa\src\eo06a.c">
      <Filter>Исходные файлы</Filter>
    </ClCompile>
    <ClCompile Include="sofa\src\eors.c">
      <Filter>Исходные файлы</Filter>
    </ClCompile>
    <ClCompile Include="sofa\src\epb.c">
      <Filter>Исходные файлы</Filter>
    </ClCompile>
    <ClCompile Include="sofa\src\epb2jd.c">
      <Filter>Исходные файлы</Filter>
    </ClCompile>
    <ClCompile Include="sofa\src\epj.c">
      <Filter>Исходные файлы</Filter>
    </ClCompile>
    <ClCompile Include="sofa\src\epj2jd.c">
      <Filter>Исходные файлы</Filter>
    </ClCompile>
    <ClCompile Include="sofa\src\epv00.c">
      <Filter>Исходные файлы</Filter>
    </ClCompile>
    <ClCompile Include="sofa\src\eqec06.c">
      <Filter>Исходные файлы</Filter>
    </ClCompile>
    <ClCompile Include="sofa\src\eqeq94.c">
      <Filter>Исходные файлы</Filter>
    </ClCompile>
    <ClCompile Include="sofa\src\era00.c">
      <Filter>Исходные файлы</Filter>
    </ClCompile>
    <ClCompile Include="sofa\src\fad03.c">
      <Filter>Исходные файлы</Filter>
    </ClCompile>
    <ClCompile Include="sofa\src\fae03.c">
      <Filter>Исходные файлы</Filter>
    </ClCompile>
    <ClCompile Include="sofa\src\faf03.c">
      <Filter>Исходные файлы</Filter>
    </ClCompile>
    <ClCompile Include="sofa\src\faju03.c">
      <Filter>Исходные файлы</Filter>
    </ClCompile>
    <ClCompile Include="sofa\src\fal03.c">
      <Filter>Исходные файлы</Filter>
    </ClCompile>
    <ClCompile Include="sofa\src\falp03.c">
      <Filter>Исходные файлы</Filter>
    </ClCompile>
    <ClCompile Include="sofa\src\fama03.c">
      <Filter>Исходные файлы</Filter>
    </ClCompile>
    <ClCompile Include="sofa\src\fame03.c">
      <Filter>Исходные файлы</Filter>
    </ClCompile>
    <ClCompile Include="sofa\src\fane03.c">
      <Filter>Исходные файлы</Filter>
    </ClCompile>
    <ClCompile Include="sofa\src\faom03.c">
      <Filter>Исходные файлы</Filter>
    </ClCompile>
    <ClCompile Include="sofa\src\fapa03.c">
      <Filter>Исходные файлы</Filter>
    </ClCompile>
    <ClCompile Include="sofa\src\fasa03.c">
      <Filter>Исходные файлы</Filter>
    </ClCompile>
    <ClCompile Include="sofa\src\faur03.c">
      <Filter>Исходные файлы</Filter>
    </ClCompile>
    <ClCompile Include="sofa\src\fave03.c">
      <Filter>Исходные файлы</Filter>
    </ClCompile>
    <ClCompile Include="sofa\src\fk5hip.c">
      <Filter>Исходные файлы</Filter>
    </ClCompile>
    <ClCompile Include="sofa\src\fk5hz.c">
      <Filter>Исходные файлы</Filter>
    </ClCompile>
    <ClCompile Include="sofa\src\fk45z.c">
      <Filter>Исходные файлы</Filter>
    </ClCompile>
    <ClCompile Include="sofa\src\fk52h.c">
      <Filter>Исходные файлы</Filter>
    </ClCompile>
    <ClCompile Include="sofa\src\fk54z.c">
      <Filter>Исходные файлы</Filter>
    </ClCompile>
    <ClCompile Include="sofa\src\fk425.c">
      <Filter>Исходные файлы</Filter>
    </ClCompile>
    <ClCompile Include="sofa\src\fk524.c">
      <Filter>Исходные файлы</Filter>
    </ClCompile>
    <ClCompile Include="sofa\src\fw2m.c">
      <Filter>Исходные файлы</Filter>
    </ClCompile>
    <ClCompile Include="sofa\src\fw2xy.c">
      <Filter>Исходные файлы</Filter>
    </ClCompile>
    <ClCompile Include="sofa\src\g2icrs.c">
      <Filter>Исходные файлы</Filter>
    </ClCompile>
    <ClCompile Include="sofa\src\gc2gd.c">
      <Filter>Исходные файлы</Filter>
    </ClCompile>
    <ClCompile Include="sofa\src\gc2gde.c">
      <Filter>Исходные файлы</Filter>
    </ClCompile>
    <ClCompile Include="sofa\src\gd2gc.c">
      <Filter>Исходные файлы</Filter>
    </ClCompile>
    <ClCompile Include="sofa\src\gd2gce.c">
      <Filter>Исходные файлы</Filter>
    </ClCompile>
    <ClCompile Include="sofa\src\gmst00.c">
      <Filter>Исходные файлы</Filter>
    </ClCompile>
    <ClCompile Include="sofa\src\gmst06.c">
      <Filter>Исходные файлы</Filter>
    </ClCompile>
    <ClCompile Include="sofa\src\gmst82.c">
      <Filter>Исходные файлы</Filter>
    </ClCompile>
    <ClCompile Include="sofa\src\gst00a.c">
      <Filter>Исходные файлы</Filter>
    </ClCompile>
    <ClCompile Include="sofa\src\gst00b.c">
      <Filter>Исходные файлы</Filter>
    </ClCompile>
    <ClCompile Include="sofa\src\gst06.c">
      <Filter>Исходные файлы</Filter>
    </ClCompile>
    <ClCompile Include="sofa\src\gst06a.c">
      <Filter>Исходные файлы</Filter>
    </ClCompile>
    <ClCompile Include="sofa\src\gst94.c">
      <Filter>Исходные файлы</Filter>
    </ClCompile>
    <ClCompile Include="sofa\src\h2fk5.c">
      <Filter>Исходные файлы</Filter>
    </ClCompile>
    <ClCompile Include="sofa\src\hd2ae.c">
      <Filter>Исходные файлы</Filter>
    </ClCompile>
    <ClCompile Include="sofa\src\hd2pa.c">
      <Filter>Исходные файлы</Filter>
    </ClCompile>
    <ClCompile Include="sofa\src\hfk5z.c">
      <Filter>Исходные файлы</Filter>
    </ClCompile>
    <ClCompile Include="sofa\src\icrs2g.c">
      <Filter>Исходные файлы</Filter>
    </ClCompile>
    <ClCompile Include="sofa\src\ir.c">
      <Filter>Исходные файлы</Filter>
    </ClCompile>
    <ClCompile Include="sofa\src\jd2cal.c">
      <Filter>Исходные файлы</Filter>
    </ClCompile>
    <ClCompile Include="sofa\src\jdcalf.c">
      <Filter>Исходные файлы</Filter>
    </ClCompile>
    <ClCompile Include="sofa\src\ld.c">
      <Filter>Исходные файлы</Filter>
    </ClCompile>
    <ClCompile Include="sofa\src\ldn.c">
      <Filter>Исходные файлы</Filter>
    </ClCompile>
    <ClCompile Include="sofa\src\ldsun.c">
      <Filter>Исходные файлы</Filter>
    </ClCompile>
    <ClCompile Include="sofa\src\lteceq.c">
      <Filter>Исходные файлы</Filter>
    </ClCompile>
    <ClCompile Include="sofa\src\ltecm.c">
      <Filter>Исходные файлы</Filter>
    </ClCompile>
    <ClCompile Include="sofa\src\lteqec.c">
      <Filter>Исходные файлы</Filter>
    </ClCompile>
    <ClCompile Include="sofa\src\ltp.c">
      <Filter>Исходные файлы</Filter>
    </ClCompile>
    <ClCompile Include="sofa\src\ltpb.c">
      <Filter>Исходные файлы</Filter>
    </ClCompile>
    <ClCompile Include="sofa\src\ltpecl.c">
      <Filter>Исходные файлы</Filter>
    </ClCompile>
    <ClCompile Include="sofa\src\ltpequ.c">
      <Filter>Исходные файлы</Filter>
    </ClCompile>
    <ClCompile Include="sofa\src\moon98.c">
      <Filter>Исходные файлы</Filter>
    </ClCompile>
    <ClCompile Include="sofa\src\num00a.c">
      <Filter>Исходные файлы</Filter>
    </ClCompile>
    <ClCompile Include="sofa\src\num00b.c">
      <Filter>Исходные файлы</Filter>
    </ClCompile>
    <ClCompile Include="sofa\src\num06a.c">
      <Filter>Исходные файлы</Filter>
    </ClCompile>
    <ClCompile Include="sofa\src\numat.c">
      <Filter>Исходные файлы</Filter>
    </ClCompile>
    <ClCompile Include="sofa\src\nut00a.c">
      <Filter>Исходные файлы</Filter>
    </ClCompile>
    <ClCompile Include="sofa\src\nut00b.c">
      <Filter>Исходные файлы</Filter>
    </ClCompile>
    <ClCompile Include="sofa\src\nut06a.c">
      <Filter>Исходные файлы</Filter>
    </ClCompile>
    <ClCompile Include="sofa\src\nut80.c">
      <Filter>Исходные файлы</Filter>
    </ClCompile>
    <ClCompile Include="sofa\src\nutm80.c">
      <Filter>Исходные файлы</Filter>
    </ClCompile>
    <ClCompile Include="sofa\src\obl06.c">
      <Filter>Исходные файлы</Filter>
    </ClCompile>
    <ClCompile Include="sofa\src\obl80.c">
      <Filter>Исходные файлы</Filter>
    </ClCompile>
    <ClCompile Include="sofa\src\p2pv.c">
      <Filter>Исходные файлы</Filter>
    </ClCompile>
    <ClCompile Include="sofa\src\p2s.c">
      <Filter>Исходные файлы</Filter>
    </ClCompile>
    <ClCompile Include="sofa\src\p06e.c">
      <Filter>Исходные файлы</Filter>
    </ClCompile>
    <ClCompile Include="sofa\src\pap.c">
      <Filter>Исходные файлы</Filter>
    </ClCompile>
    <ClCompile Include="sofa\src\pas.c">
      <Filter>Исходные файлы</Filter>
    </ClCompile>
    <ClCompile Include="sofa\src\pb06.c">
      <Filter>Исходные файлы</Filter>
    </ClCompile>
    <ClCompile Include="sofa\src\pdp.c">
      <Filter>Исходные файлы</Filter>
    </ClCompile>
    <ClCompile Include="sofa\src\pfw06.c">
      <Filter>Исходные файлы</Filter>
    </ClCompile>
    <ClCompile Include="sofa\src\plan94.c">
      <Filter>Исходные файлы</Filter>
    </ClCompile>
    <ClCompile Include="sofa\src\pm.c">
      <Filter>Исходные файлы</Filter>
    </ClCompile>
    <ClCompile Include="sofa\src\pmat00.c">
      <Filter>Исходные файлы</Filter>
    </ClCompile>
    <ClCompile Include="sofa\src\pmat06.c">
      <Filter>Исходные файлы</Filter>
    </ClCompile>
    <ClCompile Include="sofa\src\pmat76.c">
      <Filter>Исходные файлы</Filter>
    </ClCompile>
    <ClCompile Include="sofa\src\pmp.c">
      <Filter>Исходные файлы</Filter>
    </ClCompile>
    <ClCompile Include="sofa\src\pmpx.c">
      <Filter>Исходные файлы</Filter>
    </ClCompile>
    <ClCompile Include="sofa\src\pmsafe.c">
      <Filter>Исходные файлы</Filter>
    </ClCompile>
    <ClCompile Include="sofa\src\pn.c">
      <Filter>Исходные файлы</Filter>
    </ClCompile>
    <ClCompile Include="sofa\src\pn00.c">
      <Filter>Исходные файлы</Filter>
    </ClCompile>
    <ClCompile Include="sofa\src\pn00a.c">
      <Filter>Исходные файлы</Filter>
    </ClCompile>
    <ClCompile Include="sofa\src\pn00b.c">
      <Filter>Исходные файлы</Filter>
    </ClCompile>
    <ClCompile Include="sofa\src\pn06.c">
      <Filter>Исходные файлы</Filter>
    </ClCompile>
    <ClCompile Include="sofa\src\pn06a.c">
      <Filter>Исходные файлы</Filter>
    </ClCompile>
    <ClCompile Include="sofa\src\pnm00a.c">
      <Filter>Исходные файлы</Filter>
    </ClCompile>
    <ClCompile Include="sofa\src\pnm00b.c">
      <Filter>Исходные файлы</Filter>
    </ClCompile>
    <ClCompile Include="sofa\src\pnm06a.c">
      <Filter>Исходные файлы</Filter>
    </ClCompile>
    <ClCompile Include="sofa\src\pnm80.c">
      <Filter>Исходные файлы</Filter>
    </ClCompile>
    <ClCompile Include="sofa\src\pom00.c">
      <Filter>Исходные файлы</Filter>
    </ClCompile>
    <ClCompile Include="sofa\src\ppp.c">
      <Filter>Исходные файлы</Filter>
    </ClCompile>
    <ClCompile Include="sofa\src\ppsp.c">
      <Filter>Исходные файлы</Filter>
    </ClCompile>
    <ClCompile Include="sofa\src\pr00.c">
      <Filter>Исходные файлы</Filter>
    </ClCompile>
    <ClCompile Include="sofa\src\prec76.c">
      <Filter>Исходные файлы</Filter>
    </ClCompile>
    <ClCompile Include="sofa\src\pv2p.c">
      <Filter>Исходные файлы</Filter>
    </ClCompile>
    <ClCompile Include="sofa\src\pv2s.c">
      <Filter>Исходные файлы</Filter>
    </ClCompile>
    <ClCompile Include="sofa\src\pvdpv.c">
      <Filter>Исходные файлы</Filter>
    </ClCompile>
    <ClCompile Include="sofa\src\pvm.c">
      <Filter>Исходные файлы</Filter>
    </ClCompile>
    <ClCompile Include="sofa\src\pvmpv.c">
      <Filter>Исходные файлы</Filter>
    </ClCompile>
    <ClCompile Include="sofa\src\pvppv.c">
      <Filter>Исходные файлы</Filter>
    </ClCompile>
    <ClCompile Include="sofa\src\pvstar.c">
      <Filter>Исходные файлы</Filter>
    </ClCompile>
    <ClCompile Include="sofa\src\pvtob.c">
      <Filter>Исходные файлы</Filter>
    </ClCompile>
    <ClCompile Include="sofa\src\pvu.c">
      <Filter>Исходные файлы</Filter>
    </ClCompile>
    <ClCompile Include="sofa\src\pvup.c">
      <Filter>Исходные файлы</Filter>
    </ClCompile>
    <ClCompile Include="sofa\src\pvxpv.c">
      <Filter>Исходные файлы</Filter>
    </ClCompile>
    <ClCompile Include="sofa\src\pxp.c">
      <Filter>Исходные файлы</Filter>
    </ClCompile>
    <ClCompile Include="sofa\src\refco.c">
      <Filter>Исходные файлы</Filter>
    </ClCompile>
    <ClCompile Include="sofa\src\rm2v.c">
      <Filter>Исходные файлы</Filter>
    </ClCompile>
    <ClCompile Include="sofa\src\rv2m.c">
      <Filter>Исходные файлы</Filter>
    </ClCompile>
    <ClCompile Include="sofa\src\rx.c">
      <Filter>Исходные файлы</Filter>
    </ClCompile>
    <ClCompile Include="sofa\src\rxp.c">
      <Filter>Исходные файлы</Filter>
    </ClCompile>
    <ClCompile Include="sofa\src\rxpv.c">
      <Filter>Исходные файлы</Filter>
    </ClCompile>
    <ClCompile Include="sofa\src\rxr.c">
      <Filter>Исходные файлы</Filter>
    </ClCompile>
    <ClCompile Include="sofa\src\ry.c">
      <Filter>Исходные файлы</Filter>
    </ClCompile>
    <ClCompile Include="sofa\src\rz.c">
      <Filter>Исходные файлы</Filter>
    </ClCompile>
    <ClCompile Include="sofa\src\s00.c">
      <Filter>Исходные файлы</Filter>
    </ClCompile>
    <ClCompile Include="sofa\src\s00a.c">
      <Filter>Исходные файлы</Filter>
    </ClCompile>
    <ClCompile Include="sofa\src\s00b.c">
      <Filter>Исходные файлы</Filter>
    </ClCompile>
    <ClCompile Include="sofa\src\s2c.c">
      <Filter>Исходные файлы</Filter>
    </ClCompile>
    <ClCompile Include="sofa\src\s2p.c">
      <Filter>Исходные файлы</Filter>
    </ClCompile>
    <ClCompile Include="sofa\src\s2pv.c">
      <Filter>Исходные файлы</Filter>
    </ClCompile>
    <ClCompile Include="sofa\src\s2xpv.c">
      <Filter>Исходные файлы</Filter>
    </ClCompile>
    <ClCompile Include="sofa\src\s06.c">
      <Filter>Исходные файлы</Filter>
    </ClCompile>
    <ClCompile Include="sofa\src\s06a.c">
      <Filter>Исходные файлы</Filter>
    </ClCompile>
    <ClCompile Include="sofa\src\sepp.c">
      <Filter>Исходные файлы</Filter>
    </ClCompile>
    <ClCompile Include="sofa\src\seps.c">
      <Filter>Исходные файлы</Filter>
    </ClCompile>
    <ClCompile Include="sofa\src\sp00.c">
      <Filter>Исходные файлы</Filter>
    </ClCompile>
    <ClCompile Include="sofa\src\starpm.c">
      <Filter>Исходные файлы</Filter>
    </ClCompile>
    <ClCompile Include="sofa\src\starpv.c">
      <Filter>Исходные файлы</Filter>
    </ClCompile>
    <ClCompile Include="sofa\src\sxp.c">
      <Filter>Исходные файлы</Filter>
    </ClCompile>
    <ClCompile Include="sofa\src\sxpv.c">
      <Filter>Исходные файлы</Filter>
    </ClCompile>
    <ClCompile Include="sofa\src\taitt.c">
      <Filter>Исходные файлы</Filter>
    </ClCompile>
    <ClCompile Include="sofa\src\taiut1.c">
      <Filter>Исходные файлы</Filter>
    </ClCompile>
    <ClCompile Include="sofa\src\taiutc.c">
      <Filter>Исходные файлы</Filter>
    </ClCompile>
    <ClCompile Include="sofa\src\tcbtdb.c">
      <Filter>Исходные файлы</Filter>
    </ClCompile>
    <ClCompile Include="sofa\src\tcgtt.c">
      <Filter>Исходные файлы</Filter>
    </ClCompile>
    <ClCompile Include="sofa\src\tdbtcb.c">
      <Filter>Исходные файлы</Filter>
    </ClCompile>
    <ClCompile Include="sofa\src\tdbtt.c">
      <Filter>Исходные файлы</Filter>
    </ClCompile>
    <ClCompile Include="sofa\src\tf2a.c">
      <Filter>Исходные файлы</Filter>
    </ClCompile>
    <ClCompile Include="sofa\src\tf2d.c">
      <Filter>Исходные файлы</Filter>
    </ClCompile>
    <ClCompile Include="sofa\src\tpors.c">
      <Filter>Исходные файлы</Filter>
    </ClCompile>
    <ClCompile Include="sofa\src\tporv.c">
      <Filter>Исходные файлы</Filter>
    </ClCompile>
    <ClCompile Include="sofa\src\tpsts.c">
      <Filter>Исходные файлы</Filter>
    </ClCompile>
    <ClCompile Include="sofa\src\tpstv.c">
      <Filter>Исходные файлы</Filter>
    </ClCompile>
    <ClCompile Include="sofa\src\tpxes.c">
      <Filter>Исходные файлы</Filter>
    </ClCompile>
    <ClCompile Include="sofa\src\tpxev.c">
      <Filter>Исходные файлы</Filter>
    </ClCompile>
    <ClCompile Include="sofa\src\tr.c">
      <Filter>Исходные файлы</Filter>
    </ClCompile>
    <ClCompile Include="sofa\src\trxp.c">
      <Filter>Исходные файлы</Filter>
    </ClCompile>
    <ClCompile Include="sofa\src\trxpv.c">
      <Filter>Исходные файлы</Filter>
    </ClCompile>
    <ClCompile Include="sofa\src\tttai.c">
      <Filter>Исходные файлы</Filter>
    </ClCompile>
    <ClCompile Include="sofa\src\tttcg.c">
      <Filter>Исходные файлы</Filter>
    </ClCompile>
    <ClCompile Include="sofa\src\tttdb.c">
      <Filter>Исходные файлы</Filter>
    </ClCompile>
    <ClCompile Include="sofa\src\ttut1.c">
      <Filter>Исходные файлы</Filter>
    </ClCompile>
    <ClCompile Include="sofa\src\ut1tai.c">
      <Filter>Исходные файлы</Filter>
    </ClCompile>
    <ClCompile Include="sofa\src\ut1tt.c">
      <Filter>Исходные файлы</Filter>
    </ClCompile>
    <ClCompile Include="sofa\src\ut1utc.c">
      <Filter>Исходные файлы</Filter>
    </ClCompile>
    <ClCompile Include="sofa\src\utctai.c">
      <Filter>Исходные файлы</Filter>
    </ClCompile>
    <ClCompile Include="sofa\src\utcut1.c">
      <Filter>Исходные файлы</Filter>
    </ClCompile>
    <ClCompile Include="sofa\src\xy06.c">
      <Filter>Исходные файлы</Filter>
    </ClCompile>
    <ClCompile Include="sofa\src\xys00a.c">
      <Filter>Исходные файлы</Filter>
    </ClCompile>
    <ClCompile Include="sofa\src\xys00b.c">
      <Filter>Исходные файлы</Filter>
    </ClCompile>
    <ClCompile Include="sofa\src\xys06a.c">
      <Filter>Исходные файлы</Filter>
    </ClCompile>
    <ClCompile Include="sofa\src\zp.c">
      <Filter>Исходные файлы</Filter>
    </ClCompile>
    <ClCompile Include="sofa\src\zpv.c">
      <Filter>Исходные файлы</Filter>
    </ClCompile>
    <ClCompile Include="sofa\src\zr.c">
      <Filter>Исходные файлы</Filter>
    </ClCompile>
    <ClCompile Include="source\Solution.cpp">
      <Filter>Исходные файлы</Filter>
    </ClCompile>
    <ClCompile Include="source\measure\data_structures\IntegrationVector.cpp">
      <Filter>Исходные файлы</Filter>
    </ClCompile>
    <ClCompile Include="source\measure\coords\Observatory.cpp">
      <Filter>Исходные файлы</Filter>
    </ClCompile>
    <ClCompile Include="source\measure\coords\BarycentricCoord.cpp">
      <Filter>Исходные файлы</Filter>
    </ClCompile>
    <ClCompile Include="source\data_processing\Integration.cpp">
      <Filter>Исходные файлы</Filter>
    </ClCompile>
    <ClCompile Include="source\measure\data_structures\HubbleData.cpp">
      <Filter>Исходные файлы</Filter>
    </ClCompile>
    <ClCompile Include="source\measure\coords\GeocentricCoord.cpp">
      <Filter>Исходные файлы</Filter>
    </ClCompile>
    <ClCompile Include="source\measure\time\InterpolationTime.cpp">
      <Filter>Исходные файлы</Filter>
    </ClCompile>
    <ClCompile Include="source\measure\time\Date.cpp">
      <Filter>Исходные файлы</Filter>
    </ClCompile>
    <ClCompile Include="source\measure\coords\Observation.cpp">
      <Filter>Исходные файлы</Filter>
    </ClCompile>
    <ClCompile Include="source\data_processing\DataReader.cpp">
      <Filter>Исходные файлы</Filter>
    </ClCompile>
    <ClCompile Include="source\measure\coords\CylindricalCoord.cpp">
      <Filter>Исходные файлы</Filter>
    </ClCompile>
    <ClCompile Include="source\measure\coords\CartesianCoord.cpp">
      <Filter>Исходные файлы</Filter>
    </ClCompile>
    <ClCompile Include="source\data_processing\Converter.cpp">
      <Filter>Исходные файлы</Filter>
    </ClCompile>
    <ClCompile Include="source\measure\coords\SphericalCoord.cpp">
      <Filter>Исходные файлы</Filter>
    </ClCompile>
    <ClCompile Include="source\measure\movement\Velocity.cpp">
      <Filter>Исходные файлы</Filter>
    </ClCompile>
    <ClCompile Include="source\measure\data_structures\EarthRotation.cpp">
      <Filter>Исходные файлы</Filter>
    </ClCompile>
    <ClCompile Include="source\data_processing\LightCorrector.cpp">
      <Filter>Исходные файлы</Filter>
    </ClCompile>
    <ClCompile Include="source\data_processing\Interpolator.cpp">
      <Filter>Исходные файлы</Filter>
    </ClCompile>
    <ClCompile Include="source\data_processing\Matrix\Matrix.cpp">
      <Filter>Исходные файлы</Filter>
    </ClCompile>
    <ClCompile Include="source\measure\data_structures\ModelMeasure.cpp">
      <Filter>Исходные файлы</Filter>
    </ClCompile>
    <ClCompile Include="source\data_processing\MNK.cpp">
      <Filter>Исходные файлы</Filter>
    </ClCompile>
    <ClCompile Include="source\data_processing\Matrix\MatrixRow.cpp">
      <Filter>Исходные файлы</Filter>
    </ClCompile>
  </ItemGroup>
  <ItemGroup>
    <ClInclude Include="sofa\src\sofa.h">
      <Filter>Файлы заголовков</Filter>
    </ClInclude>
    <ClInclude Include="sofa\src\sofam.h">
      <Filter>Файлы заголовков</Filter>
    </ClInclude>
    <ClInclude Include="source\Solution.h">
      <Filter>Файлы заголовков</Filter>
    </ClInclude>
    <ClInclude Include="source\measure\data_structures\IntegrationVector.h">
      <Filter>Файлы заголовков</Filter>
    </ClInclude>
    <ClInclude Include="source\measure\coords\Observatory.h">
      <Filter>Файлы заголовков</Filter>
    </ClInclude>
    <ClInclude Include="source\measure\coords\BarycentricCoord.h">
      <Filter>Файлы заголовков</Filter>
    </ClInclude>
    <ClInclude Include="source\data_processing\Integration.h">
      <Filter>Файлы заголовков</Filter>
    </ClInclude>
    <ClInclude Include="source\measure\data_structures\HubbleData.h">
      <Filter>Файлы заголовков</Filter>
    </ClInclude>
    <ClInclude Include="source\measure\coords\GeocentricCoord.h">
      <Filter>Файлы заголовков</Filter>
    </ClInclude>
    <ClInclude Include="source\measure\time\InterpolationTime.h">
      <Filter>Файлы заголовков</Filter>
    </ClInclude>
    <ClInclude Include="source\measure\time\Date.h">
      <Filter>Файлы заголовков</Filter>
    </ClInclude>
    <ClInclude Include="source\measure\coords\Observation.h">
      <Filter>Файлы заголовков</Filter>
    </ClInclude>
    <ClInclude Include="source\data_processing\DataReader.h">
      <Filter>Файлы заголовков</Filter>
    </ClInclude>
    <ClInclude Include="source\measure\coords\CylindricalCoord.h">
      <Filter>Файлы заголовков</Filter>
    </ClInclude>
    <ClInclude Include="source\measure\coords\CartesianCoord.h">
      <Filter>Файлы заголовков</Filter>
    </ClInclude>
    <ClInclude Include="source\data_processing\Converter.h">
      <Filter>Файлы заголовков</Filter>
    </ClInclude>
    <ClInclude Include="source\measure\coords\SphericalCoord.h">
      <Filter>Файлы заголовков</Filter>
    </ClInclude>
    <ClInclude Include="source\measure\movement\Velocity.h">
      <Filter>Файлы заголовков</Filter>
    </ClInclude>
    <ClInclude Include="source\Helpers.h">
      <Filter>Файлы заголовков</Filter>
    </ClInclude>
    <ClInclude Include="source\measure\data_structures\EarthRotation.h">
      <Filter>Файлы заголовков</Filter>
    </ClInclude>
    <ClInclude Include="source\data_processing\LightCorrector.h">
      <Filter>Файлы заголовков</Filter>
    </ClInclude>
    <ClInclude Include="source\data_processing\Interpolator.h">
      <Filter>Файлы заголовков</Filter>
    </ClInclude>
    <ClInclude Include="source\data_processing\Matrix\Matrix.h">
      <Filter>Файлы заголовков</Filter>
    </ClInclude>
    <ClInclude Include="source\data_processing\Matrix\MatrixRow.h">
      <Filter>Файлы заголовков</Filter>
    </ClInclude>
    <ClInclude Include="source\measure\data_structures\ModelMeasure.h">
      <Filter>Файлы заголовков</Filter>
    </ClInclude>
    <ClInclude Include="source\data_processing\MNK.h">
      <Filter>Файлы заголовков</Filter>
    </ClInclude>
  </ItemGroup>
  <ItemGroup>
    <None Include="sofa\src\makefile" />
    <None Include="visualization\graphics.py" />
  </ItemGroup>
  <ItemGroup>
    <Text Include="input_data\hubble_data.txt" />
    <Text Include="input_data\earth.txt" />
    <Text Include="input_data\jupyter.txt" />
    <Text Include="input_data\sun.txt" />
    <Text Include="input_data\interpolation_time_data.txt" />
    <Text Include="input_data\observations.txt" />
    <Text Include="input_data\observatory.txt" />
    <Text Include="output_data\model_measure.txt" />
    <Text Include="input_data\earth_rotation_data.txt" />
    <Text Include="input_data\mercury.txt" />
    <Text Include="input_data\moon.txt" />
    <Text Include="input_data\saturn.txt" />
    <Text Include="input_data\venus.txt" />
    <Text Include="input_data\mars.txt" />
    <Text Include="input_data\JPL_base_mesuare.txt" />
    <Text Include="input_data\earth_velocity_info.txt" />
    <Text Include="output_data\delta.txt" />
    <Text Include="output_data\model_barycentric.txt" />
    <Text Include="output_data\base_measure.txt" />
    <Text Include="output_data\after_mnk.txt" />
    <Text Include="output_data\before_mnk.txt" />
  </ItemGroup>
  <ItemGroup>
    <Image Include="visualization\DEC_compare.png">
      <Filter>Файлы ресурсов</Filter>
    </Image>
    <Image Include="visualization\RA_compare.png">
      <Filter>Файлы ресурсов</Filter>
    </Image>
    <Image Include="visualization\DEC_delta.png">
      <Filter>Файлы ресурсов</Filter>
    </Image>
    <Image Include="visualization\RA_delta.png">
      <Filter>Файлы ресурсов</Filter>
    </Image>
  </ItemGroup>
</Project>